
Microsoft Visual Studio Solution File, Format Version 12.00
# Visual Studio Version 17
VisualStudioVersion = 17.0.31903.59
MinimumVisualStudioVersion = 10.0.40219.1
Project("{FAE04EC0-301F-11D3-BF4B-00C04F79EFBC}") = "alternate-lookup", "alternate-lookup\alternate-lookup.csproj", "{A9350847-3B31-4D70-9C75-13AC1972DCC4}"
EndProject
Project("{FAE04EC0-301F-11D3-BF4B-00C04F79EFBC}") = "debug-assert", "debug-assert\debug-assert.csproj", "{83534C5D-DB41-4A25-96F7-8CEAD239B4FA}"
EndProject
Project("{FAE04EC0-301F-11D3-BF4B-00C04F79EFBC}") = "task-when-each", "task-when-each\task-when-each.csproj", "{D495335B-0DA6-4DBA-9512-FF9E44C9EBAC}"
EndProject
Project("{FAE04EC0-301F-11D3-BF4B-00C04F79EFBC}") = "enumerable-index", "enumerable-index\enumerable-index.csproj", "{323955A5-7AF3-4051-92D7-793A299F7EBE}"
EndProject
Project("{FAE04EC0-301F-11D3-BF4B-00C04F79EFBC}") = "binary-formatter", "binary-formatter\binary-formatter.csproj", "{38D0B248-6A0D-140D-3566-78EC2B8712D9}"
EndProject
Global
	GlobalSection(SolutionConfigurationPlatforms) = preSolution
		Debug|Any CPU = Debug|Any CPU
		Release|Any CPU = Release|Any CPU
	EndGlobalSection
	GlobalSection(ProjectConfigurationPlatforms) = postSolution
		{A9350847-3B31-4D70-9C75-13AC1972DCC4}.Debug|Any CPU.ActiveCfg = Debug|Any CPU
		{A9350847-3B31-4D70-9C75-13AC1972DCC4}.Debug|Any CPU.Build.0 = Debug|Any CPU
		{A9350847-3B31-4D70-9C75-13AC1972DCC4}.Release|Any CPU.ActiveCfg = Release|Any CPU
		{A9350847-3B31-4D70-9C75-13AC1972DCC4}.Release|Any CPU.Build.0 = Release|Any CPU
		{83534C5D-DB41-4A25-96F7-8CEAD239B4FA}.Debug|Any CPU.ActiveCfg = Debug|Any CPU
		{83534C5D-DB41-4A25-96F7-8CEAD239B4FA}.Debug|Any CPU.Build.0 = Debug|Any CPU
		{83534C5D-DB41-4A25-96F7-8CEAD239B4FA}.Release|Any CPU.ActiveCfg = Release|Any CPU
		{83534C5D-DB41-4A25-96F7-8CEAD239B4FA}.Release|Any CPU.Build.0 = Release|Any CPU
		{D495335B-0DA6-4DBA-9512-FF9E44C9EBAC}.Debug|Any CPU.ActiveCfg = Debug|Any CPU
		{D495335B-0DA6-4DBA-9512-FF9E44C9EBAC}.Debug|Any CPU.Build.0 = Debug|Any CPU
		{D495335B-0DA6-4DBA-9512-FF9E44C9EBAC}.Release|Any CPU.ActiveCfg = Release|Any CPU
		{D495335B-0DA6-4DBA-9512-FF9E44C9EBAC}.Release|Any CPU.Build.0 = Release|Any CPU
		{323955A5-7AF3-4051-92D7-793A299F7EBE}.Debug|Any CPU.ActiveCfg = Debug|Any CPU
		{323955A5-7AF3-4051-92D7-793A299F7EBE}.Debug|Any CPU.Build.0 = Debug|Any CPU
		{323955A5-7AF3-4051-92D7-793A299F7EBE}.Release|Any CPU.ActiveCfg = Release|Any CPU
		{323955A5-7AF3-4051-92D7-793A299F7EBE}.Release|Any CPU.Build.0 = Release|Any CPU
		{38D0B248-6A0D-140D-3566-78EC2B8712D9}.Debug|Any CPU.ActiveCfg = Debug|Any CPU
		{38D0B248-6A0D-140D-3566-78EC2B8712D9}.Debug|Any CPU.Build.0 = Debug|Any CPU
		{38D0B248-6A0D-140D-3566-78EC2B8712D9}.Release|Any CPU.ActiveCfg = Release|Any CPU
		{38D0B248-6A0D-140D-3566-78EC2B8712D9}.Release|Any CPU.Build.0 = Release|Any CPU
	EndGlobalSection
	GlobalSection(SolutionProperties) = preSolution
		HideSolutionNode = FALSE
	EndGlobalSection
	GlobalSection(ExtensibilityGlobals) = postSolution
		SolutionGuid = {229C69D3-6695-419D-B8D9-DAD59009B83F}
	EndGlobalSection
EndGlobal
